// !$*UTF8*$!
{
	archiveVersion = 1;
	classes = {
	};
	objectVersion = 50;
	objects = {

/* Begin PBXBuildFile section */
		23496B593E6E4527D4C44081 /* Pods_Currency_Exchange.framework in Frameworks */ = {isa = PBXBuildFile; fileRef = 273A85EA233261EE1975E59A /* Pods_Currency_Exchange.framework */; };
		3ACC6257984FA207BCC1BADD /* Pods_Currency_ExchangeUITests.framework in Frameworks */ = {isa = PBXBuildFile; fileRef = B1FA267F979DE8FB430EA012 /* Pods_Currency_ExchangeUITests.framework */; };
		7FACBB40A7FD674B57527B45 /* Pods_Currency_ExchangeTests.framework in Frameworks */ = {isa = PBXBuildFile; fileRef = 8F69CF64671FE4A6A2595122 /* Pods_Currency_ExchangeTests.framework */; };
		99D1BFCC2243BA6F002CD9AE /* AppDelegate.swift in Sources */ = {isa = PBXBuildFile; fileRef = 99D1BFCB2243BA6F002CD9AE /* AppDelegate.swift */; };
		99D1BFCE2243BA6F002CD9AE /* ViewController.swift in Sources */ = {isa = PBXBuildFile; fileRef = 99D1BFCD2243BA6F002CD9AE /* ViewController.swift */; };
		99D1BFD12243BA6F002CD9AE /* Main.storyboard in Resources */ = {isa = PBXBuildFile; fileRef = 99D1BFCF2243BA6F002CD9AE /* Main.storyboard */; };
		99D1BFD32243BA72002CD9AE /* Assets.xcassets in Resources */ = {isa = PBXBuildFile; fileRef = 99D1BFD22243BA72002CD9AE /* Assets.xcassets */; };
		99D1BFD62243BA72002CD9AE /* LaunchScreen.storyboard in Resources */ = {isa = PBXBuildFile; fileRef = 99D1BFD42243BA72002CD9AE /* LaunchScreen.storyboard */; };
		99D1BFE12243BA72002CD9AE /* Currency_ExchangeTests.swift in Sources */ = {isa = PBXBuildFile; fileRef = 99D1BFE02243BA72002CD9AE /* Currency_ExchangeTests.swift */; };
		99D1BFEC2243BA72002CD9AE /* Currency_ExchangeUITests.swift in Sources */ = {isa = PBXBuildFile; fileRef = 99D1BFEB2243BA72002CD9AE /* Currency_ExchangeUITests.swift */; };
/* End PBXBuildFile section */

/* Begin PBXContainerItemProxy section */
		99D1BFDD2243BA72002CD9AE /* PBXContainerItemProxy */ = {
			isa = PBXContainerItemProxy;
			containerPortal = 99D1BFC02243BA6F002CD9AE /* Project object */;
			proxyType = 1;
			remoteGlobalIDString = 99D1BFC72243BA6F002CD9AE;
			remoteInfo = "Currency Exchange";
		};
		99D1BFE82243BA72002CD9AE /* PBXContainerItemProxy */ = {
			isa = PBXContainerItemProxy;
			containerPortal = 99D1BFC02243BA6F002CD9AE /* Project object */;
			proxyType = 1;
			remoteGlobalIDString = 99D1BFC72243BA6F002CD9AE;
			remoteInfo = "Currency Exchange";
		};
/* End PBXContainerItemProxy section */

/* Begin PBXFileReference section */
		219B3BFC59A4775E04BBF30F /* Pods-Currency ExchangeUITests.release.xcconfig */ = {isa = PBXFileReference; includeInIndex = 1; lastKnownFileType = text.xcconfig; name = "Pods-Currency ExchangeUITests.release.xcconfig"; path = "Target Support Files/Pods-Currency ExchangeUITests/Pods-Currency ExchangeUITests.release.xcconfig"; sourceTree = "<group>"; };
		273A85EA233261EE1975E59A /* Pods_Currency_Exchange.framework */ = {isa = PBXFileReference; explicitFileType = wrapper.framework; includeInIndex = 0; path = Pods_Currency_Exchange.framework; sourceTree = BUILT_PRODUCTS_DIR; };
		7B938EA387FCEABD2C4DAF91 /* Pods-Currency Exchange.debug.xcconfig */ = {isa = PBXFileReference; includeInIndex = 1; lastKnownFileType = text.xcconfig; name = "Pods-Currency Exchange.debug.xcconfig"; path = "Target Support Files/Pods-Currency Exchange/Pods-Currency Exchange.debug.xcconfig"; sourceTree = "<group>"; };
		8F69CF64671FE4A6A2595122 /* Pods_Currency_ExchangeTests.framework */ = {isa = PBXFileReference; explicitFileType = wrapper.framework; includeInIndex = 0; path = Pods_Currency_ExchangeTests.framework; sourceTree = BUILT_PRODUCTS_DIR; };
		97961F670FD8C8E3B1C6EC49 /* Pods-Currency ExchangeTests.debug.xcconfig */ = {isa = PBXFileReference; includeInIndex = 1; lastKnownFileType = text.xcconfig; name = "Pods-Currency ExchangeTests.debug.xcconfig"; path = "Target Support Files/Pods-Currency ExchangeTests/Pods-Currency ExchangeTests.debug.xcconfig"; sourceTree = "<group>"; };
		99D1BFC82243BA6F002CD9AE /* Currency Exchange.app */ = {isa = PBXFileReference; explicitFileType = wrapper.application; includeInIndex = 0; path = "Currency Exchange.app"; sourceTree = BUILT_PRODUCTS_DIR; };
		99D1BFCB2243BA6F002CD9AE /* AppDelegate.swift */ = {isa = PBXFileReference; lastKnownFileType = sourcecode.swift; path = AppDelegate.swift; sourceTree = "<group>"; };
		99D1BFCD2243BA6F002CD9AE /* ViewController.swift */ = {isa = PBXFileReference; lastKnownFileType = sourcecode.swift; path = ViewController.swift; sourceTree = "<group>"; };
		99D1BFD02243BA6F002CD9AE /* Base */ = {isa = PBXFileReference; lastKnownFileType = file.storyboard; name = Base; path = Base.lproj/Main.storyboard; sourceTree = "<group>"; };
		99D1BFD22243BA72002CD9AE /* Assets.xcassets */ = {isa = PBXFileReference; lastKnownFileType = folder.assetcatalog; path = Assets.xcassets; sourceTree = "<group>"; };
		99D1BFD52243BA72002CD9AE /* Base */ = {isa = PBXFileReference; lastKnownFileType = file.storyboard; name = Base; path = Base.lproj/LaunchScreen.storyboard; sourceTree = "<group>"; };
		99D1BFD72243BA72002CD9AE /* Info.plist */ = {isa = PBXFileReference; lastKnownFileType = text.plist.xml; path = Info.plist; sourceTree = "<group>"; };
		99D1BFDC2243BA72002CD9AE /* Currency ExchangeTests.xctest */ = {isa = PBXFileReference; explicitFileType = wrapper.cfbundle; includeInIndex = 0; path = "Currency ExchangeTests.xctest"; sourceTree = BUILT_PRODUCTS_DIR; };
		99D1BFE02243BA72002CD9AE /* Currency_ExchangeTests.swift */ = {isa = PBXFileReference; lastKnownFileType = sourcecode.swift; path = Currency_ExchangeTests.swift; sourceTree = "<group>"; };
		99D1BFE22243BA72002CD9AE /* Info.plist */ = {isa = PBXFileReference; lastKnownFileType = text.plist.xml; path = Info.plist; sourceTree = "<group>"; };
		99D1BFE72243BA72002CD9AE /* Currency ExchangeUITests.xctest */ = {isa = PBXFileReference; explicitFileType = wrapper.cfbundle; includeInIndex = 0; path = "Currency ExchangeUITests.xctest"; sourceTree = BUILT_PRODUCTS_DIR; };
		99D1BFEB2243BA72002CD9AE /* Currency_ExchangeUITests.swift */ = {isa = PBXFileReference; lastKnownFileType = sourcecode.swift; path = Currency_ExchangeUITests.swift; sourceTree = "<group>"; };
		99D1BFED2243BA72002CD9AE /* Info.plist */ = {isa = PBXFileReference; lastKnownFileType = text.plist.xml; path = Info.plist; sourceTree = "<group>"; };
		9B2F7A114F840BE643A51E0C /* Pods-Currency Exchange.release.xcconfig */ = {isa = PBXFileReference; includeInIndex = 1; lastKnownFileType = text.xcconfig; name = "Pods-Currency Exchange.release.xcconfig"; path = "Target Support Files/Pods-Currency Exchange/Pods-Currency Exchange.release.xcconfig"; sourceTree = "<group>"; };
		9B4D5DD69C87C879F677A41D /* Pods-Currency ExchangeUITests.debug.xcconfig */ = {isa = PBXFileReference; includeInIndex = 1; lastKnownFileType = text.xcconfig; name = "Pods-Currency ExchangeUITests.debug.xcconfig"; path = "Target Support Files/Pods-Currency ExchangeUITests/Pods-Currency ExchangeUITests.debug.xcconfig"; sourceTree = "<group>"; };
		B1FA267F979DE8FB430EA012 /* Pods_Currency_ExchangeUITests.framework */ = {isa = PBXFileReference; explicitFileType = wrapper.framework; includeInIndex = 0; path = Pods_Currency_ExchangeUITests.framework; sourceTree = BUILT_PRODUCTS_DIR; };
		F2109159339ECE1D87BBB031 /* Pods-Currency ExchangeTests.release.xcconfig */ = {isa = PBXFileReference; includeInIndex = 1; lastKnownFileType = text.xcconfig; name = "Pods-Currency ExchangeTests.release.xcconfig"; path = "Target Support Files/Pods-Currency ExchangeTests/Pods-Currency ExchangeTests.release.xcconfig"; sourceTree = "<group>"; };
/* End PBXFileReference section */

/* Begin PBXFrameworksBuildPhase section */
		99D1BFC52243BA6F002CD9AE /* Frameworks */ = {
			isa = PBXFrameworksBuildPhase;
			buildActionMask = 2147483647;
			files = (
				23496B593E6E4527D4C44081 /* Pods_Currency_Exchange.framework in Frameworks */,
			);
			runOnlyForDeploymentPostprocessing = 0;
		};
		99D1BFD92243BA72002CD9AE /* Frameworks */ = {
			isa = PBXFrameworksBuildPhase;
			buildActionMask = 2147483647;
			files = (
				7FACBB40A7FD674B57527B45 /* Pods_Currency_ExchangeTests.framework in Frameworks */,
			);
			runOnlyForDeploymentPostprocessing = 0;
		};
		99D1BFE42243BA72002CD9AE /* Frameworks */ = {
			isa = PBXFrameworksBuildPhase;
			buildActionMask = 2147483647;
			files = (
				3ACC6257984FA207BCC1BADD /* Pods_Currency_ExchangeUITests.framework in Frameworks */,
			);
			runOnlyForDeploymentPostprocessing = 0;
		};
/* End PBXFrameworksBuildPhase section */

/* Begin PBXGroup section */
		285A06CC7C6E95DFA8057AEE /* Pods */ = {
			isa = PBXGroup;
			children = (
				7B938EA387FCEABD2C4DAF91 /* Pods-Currency Exchange.debug.xcconfig */,
				9B2F7A114F840BE643A51E0C /* Pods-Currency Exchange.release.xcconfig */,
				97961F670FD8C8E3B1C6EC49 /* Pods-Currency ExchangeTests.debug.xcconfig */,
				F2109159339ECE1D87BBB031 /* Pods-Currency ExchangeTests.release.xcconfig */,
				9B4D5DD69C87C879F677A41D /* Pods-Currency ExchangeUITests.debug.xcconfig */,
				219B3BFC59A4775E04BBF30F /* Pods-Currency ExchangeUITests.release.xcconfig */,
			);
			name = Pods;
			path = Pods;
			sourceTree = "<group>";
		};
		982B370838D9B9ACD39D089F /* Frameworks */ = {
			isa = PBXGroup;
			children = (
				273A85EA233261EE1975E59A /* Pods_Currency_Exchange.framework */,
				8F69CF64671FE4A6A2595122 /* Pods_Currency_ExchangeTests.framework */,
				B1FA267F979DE8FB430EA012 /* Pods_Currency_ExchangeUITests.framework */,
			);
			name = Frameworks;
			sourceTree = "<group>";
		};
		99D1BFBF2243BA6F002CD9AE = {
			isa = PBXGroup;
			children = (
				99D1BFCA2243BA6F002CD9AE /* Currency Exchange */,
				99D1BFDF2243BA72002CD9AE /* Currency ExchangeTests */,
				99D1BFEA2243BA72002CD9AE /* Currency ExchangeUITests */,
				99D1BFC92243BA6F002CD9AE /* Products */,
				285A06CC7C6E95DFA8057AEE /* Pods */,
				982B370838D9B9ACD39D089F /* Frameworks */,
			);
			sourceTree = "<group>";
		};
		99D1BFC92243BA6F002CD9AE /* Products */ = {
			isa = PBXGroup;
			children = (
				99D1BFC82243BA6F002CD9AE /* Currency Exchange.app */,
				99D1BFDC2243BA72002CD9AE /* Currency ExchangeTests.xctest */,
				99D1BFE72243BA72002CD9AE /* Currency ExchangeUITests.xctest */,
			);
			name = Products;
			sourceTree = "<group>";
		};
		99D1BFCA2243BA6F002CD9AE /* Currency Exchange */ = {
			isa = PBXGroup;
			children = (
				99D1BFCB2243BA6F002CD9AE /* AppDelegate.swift */,
				99D1BFCD2243BA6F002CD9AE /* ViewController.swift */,
				99D1BFCF2243BA6F002CD9AE /* Main.storyboard */,
				99D1BFD22243BA72002CD9AE /* Assets.xcassets */,
				99D1BFD42243BA72002CD9AE /* LaunchScreen.storyboard */,
				99D1BFD72243BA72002CD9AE /* Info.plist */,
			);
			path = "Currency Exchange";
			sourceTree = "<group>";
		};
		99D1BFDF2243BA72002CD9AE /* Currency ExchangeTests */ = {
			isa = PBXGroup;
			children = (
				99D1BFE02243BA72002CD9AE /* Currency_ExchangeTests.swift */,
				99D1BFE22243BA72002CD9AE /* Info.plist */,
			);
			path = "Currency ExchangeTests";
			sourceTree = "<group>";
		};
		99D1BFEA2243BA72002CD9AE /* Currency ExchangeUITests */ = {
			isa = PBXGroup;
			children = (
				99D1BFEB2243BA72002CD9AE /* Currency_ExchangeUITests.swift */,
				99D1BFED2243BA72002CD9AE /* Info.plist */,
			);
			path = "Currency ExchangeUITests";
			sourceTree = "<group>";
		};
/* End PBXGroup section */

/* Begin PBXNativeTarget section */
		99D1BFC72243BA6F002CD9AE /* Currency Exchange */ = {
			isa = PBXNativeTarget;
			buildConfigurationList = 99D1BFF02243BA72002CD9AE /* Build configuration list for PBXNativeTarget "Currency Exchange" */;
			buildPhases = (
				4F7773F74F278FC73E920F95 /* [CP] Check Pods Manifest.lock */,
				99D1BFC42243BA6F002CD9AE /* Sources */,
				99D1BFC52243BA6F002CD9AE /* Frameworks */,
				99D1BFC62243BA6F002CD9AE /* Resources */,
				A748A86D3AC2A444BEAB9DE9 /* [CP] Embed Pods Frameworks */,
			);
			buildRules = (
			);
			dependencies = (
			);
			name = "Currency Exchange";
			productName = "Currency Exchange";
			productReference = 99D1BFC82243BA6F002CD9AE /* Currency Exchange.app */;
			productType = "com.apple.product-type.application";
		};
		99D1BFDB2243BA72002CD9AE /* Currency ExchangeTests */ = {
			isa = PBXNativeTarget;
			buildConfigurationList = 99D1BFF32243BA72002CD9AE /* Build configuration list for PBXNativeTarget "Currency ExchangeTests" */;
			buildPhases = (
				366EB0851DBF94BB693474FA /* [CP] Check Pods Manifest.lock */,
				99D1BFD82243BA72002CD9AE /* Sources */,
				99D1BFD92243BA72002CD9AE /* Frameworks */,
				99D1BFDA2243BA72002CD9AE /* Resources */,
			);
			buildRules = (
			);
			dependencies = (
				99D1BFDE2243BA72002CD9AE /* PBXTargetDependency */,
			);
			name = "Currency ExchangeTests";
			productName = "Currency ExchangeTests";
			productReference = 99D1BFDC2243BA72002CD9AE /* Currency ExchangeTests.xctest */;
			productType = "com.apple.product-type.bundle.unit-test";
		};
		99D1BFE62243BA72002CD9AE /* Currency ExchangeUITests */ = {
			isa = PBXNativeTarget;
			buildConfigurationList = 99D1BFF62243BA72002CD9AE /* Build configuration list for PBXNativeTarget "Currency ExchangeUITests" */;
			buildPhases = (
				B20995B693862FAE91D70FCE /* [CP] Check Pods Manifest.lock */,
				99D1BFE32243BA72002CD9AE /* Sources */,
				99D1BFE42243BA72002CD9AE /* Frameworks */,
				99D1BFE52243BA72002CD9AE /* Resources */,
			);
			buildRules = (
			);
			dependencies = (
				99D1BFE92243BA72002CD9AE /* PBXTargetDependency */,
			);
			name = "Currency ExchangeUITests";
			productName = "Currency ExchangeUITests";
			productReference = 99D1BFE72243BA72002CD9AE /* Currency ExchangeUITests.xctest */;
			productType = "com.apple.product-type.bundle.ui-testing";
		};
/* End PBXNativeTarget section */

/* Begin PBXProject section */
		99D1BFC02243BA6F002CD9AE /* Project object */ = {
			isa = PBXProject;
			attributes = {
				LastSwiftUpdateCheck = 1010;
				LastUpgradeCheck = 1010;
				ORGANIZATIONNAME = "Toshihiro Yamazaki";
				TargetAttributes = {
					99D1BFC72243BA6F002CD9AE = {
						CreatedOnToolsVersion = 10.1;
					};
					99D1BFDB2243BA72002CD9AE = {
						CreatedOnToolsVersion = 10.1;
						TestTargetID = 99D1BFC72243BA6F002CD9AE;
					};
					99D1BFE62243BA72002CD9AE = {
						CreatedOnToolsVersion = 10.1;
						TestTargetID = 99D1BFC72243BA6F002CD9AE;
					};
				};
			};
			buildConfigurationList = 99D1BFC32243BA6F002CD9AE /* Build configuration list for PBXProject "Currency Exchange" */;
			compatibilityVersion = "Xcode 9.3";
			developmentRegion = en;
			hasScannedForEncodings = 0;
			knownRegions = (
				en,
				Base,
			);
			mainGroup = 99D1BFBF2243BA6F002CD9AE;
			productRefGroup = 99D1BFC92243BA6F002CD9AE /* Products */;
			projectDirPath = "";
			projectRoot = "";
			targets = (
				99D1BFC72243BA6F002CD9AE /* Currency Exchange */,
				99D1BFDB2243BA72002CD9AE /* Currency ExchangeTests */,
				99D1BFE62243BA72002CD9AE /* Currency ExchangeUITests */,
			);
		};
/* End PBXProject section */

/* Begin PBXResourcesBuildPhase section */
		99D1BFC62243BA6F002CD9AE /* Resources */ = {
			isa = PBXResourcesBuildPhase;
			buildActionMask = 2147483647;
			files = (
				99D1BFD62243BA72002CD9AE /* LaunchScreen.storyboard in Resources */,
				99D1BFD32243BA72002CD9AE /* Assets.xcassets in Resources */,
				99D1BFD12243BA6F002CD9AE /* Main.storyboard in Resources */,
			);
			runOnlyForDeploymentPostprocessing = 0;
		};
		99D1BFDA2243BA72002CD9AE /* Resources */ = {
			isa = PBXResourcesBuildPhase;
			buildActionMask = 2147483647;
			files = (
			);
			runOnlyForDeploymentPostprocessing = 0;
		};
		99D1BFE52243BA72002CD9AE /* Resources */ = {
			isa = PBXResourcesBuildPhase;
			buildActionMask = 2147483647;
			files = (
			);
			runOnlyForDeploymentPostprocessing = 0;
		};
/* End PBXResourcesBuildPhase section */

/* Begin PBXShellScriptBuildPhase section */
		366EB0851DBF94BB693474FA /* [CP] Check Pods Manifest.lock */ = {
			isa = PBXShellScriptBuildPhase;
			buildActionMask = 2147483647;
			files = (
			);
			inputFileListPaths = (
			);
			inputPaths = (
				"${PODS_PODFILE_DIR_PATH}/Podfile.lock",
				"${PODS_ROOT}/Manifest.lock",
			);
			name = "[CP] Check Pods Manifest.lock";
			outputFileListPaths = (
			);
			outputPaths = (
				"$(DERIVED_FILE_DIR)/Pods-Currency ExchangeTests-checkManifestLockResult.txt",
			);
			runOnlyForDeploymentPostprocessing = 0;
			shellPath = /bin/sh;
			shellScript = "diff \"${PODS_PODFILE_DIR_PATH}/Podfile.lock\" \"${PODS_ROOT}/Manifest.lock\" > /dev/null\nif [ $? != 0 ] ; then\n    # print error to STDERR\n    echo \"error: The sandbox is not in sync with the Podfile.lock. Run 'pod install' or update your CocoaPods installation.\" >&2\n    exit 1\nfi\n# This output is used by Xcode 'outputs' to avoid re-running this script phase.\necho \"SUCCESS\" > \"${SCRIPT_OUTPUT_FILE_0}\"\n";
			showEnvVarsInLog = 0;
		};
		4F7773F74F278FC73E920F95 /* [CP] Check Pods Manifest.lock */ = {
			isa = PBXShellScriptBuildPhase;
			buildActionMask = 2147483647;
			files = (
			);
			inputFileListPaths = (
			);
			inputPaths = (
				"${PODS_PODFILE_DIR_PATH}/Podfile.lock",
				"${PODS_ROOT}/Manifest.lock",
			);
			name = "[CP] Check Pods Manifest.lock";
			outputFileListPaths = (
			);
			outputPaths = (
				"$(DERIVED_FILE_DIR)/Pods-Currency Exchange-checkManifestLockResult.txt",
			);
			runOnlyForDeploymentPostprocessing = 0;
			shellPath = /bin/sh;
			shellScript = "diff \"${PODS_PODFILE_DIR_PATH}/Podfile.lock\" \"${PODS_ROOT}/Manifest.lock\" > /dev/null\nif [ $? != 0 ] ; then\n    # print error to STDERR\n    echo \"error: The sandbox is not in sync with the Podfile.lock. Run 'pod install' or update your CocoaPods installation.\" >&2\n    exit 1\nfi\n# This output is used by Xcode 'outputs' to avoid re-running this script phase.\necho \"SUCCESS\" > \"${SCRIPT_OUTPUT_FILE_0}\"\n";
			showEnvVarsInLog = 0;
		};
		A748A86D3AC2A444BEAB9DE9 /* [CP] Embed Pods Frameworks */ = {
			isa = PBXShellScriptBuildPhase;
			buildActionMask = 2147483647;
			files = (
			);
			inputFileListPaths = (
			);
			inputPaths = (
				"${PODS_ROOT}/Target Support Files/Pods-Currency Exchange/Pods-Currency Exchange-frameworks.sh",
				"${BUILT_PRODUCTS_DIR}/Alamofire/Alamofire.framework",
				"${BUILT_PRODUCTS_DIR}/ObjectMapper/ObjectMapper.framework",
			);
			name = "[CP] Embed Pods Frameworks";
			outputFileListPaths = (
			);
			outputPaths = (
				"${TARGET_BUILD_DIR}/${FRAMEWORKS_FOLDER_PATH}/Alamofire.framework",
				"${TARGET_BUILD_DIR}/${FRAMEWORKS_FOLDER_PATH}/ObjectMapper.framework",
			);
			runOnlyForDeploymentPostprocessing = 0;
			shellPath = /bin/sh;
			shellScript = "\"${PODS_ROOT}/Target Support Files/Pods-Currency Exchange/Pods-Currency Exchange-frameworks.sh\"\n";
			showEnvVarsInLog = 0;
		};
		B20995B693862FAE91D70FCE /* [CP] Check Pods Manifest.lock */ = {
			isa = PBXShellScriptBuildPhase;
			buildActionMask = 2147483647;
			files = (
			);
			inputFileListPaths = (
			);
			inputPaths = (
				"${PODS_PODFILE_DIR_PATH}/Podfile.lock",
				"${PODS_ROOT}/Manifest.lock",
			);
			name = "[CP] Check Pods Manifest.lock";
			outputFileListPaths = (
			);
			outputPaths = (
				"$(DERIVED_FILE_DIR)/Pods-Currency ExchangeUITests-checkManifestLockResult.txt",
			);
			runOnlyForDeploymentPostprocessing = 0;
			shellPath = /bin/sh;
			shellScript = "diff \"${PODS_PODFILE_DIR_PATH}/Podfile.lock\" \"${PODS_ROOT}/Manifest.lock\" > /dev/null\nif [ $? != 0 ] ; then\n    # print error to STDERR\n    echo \"error: The sandbox is not in sync with the Podfile.lock. Run 'pod install' or update your CocoaPods installation.\" >&2\n    exit 1\nfi\n# This output is used by Xcode 'outputs' to avoid re-running this script phase.\necho \"SUCCESS\" > \"${SCRIPT_OUTPUT_FILE_0}\"\n";
			showEnvVarsInLog = 0;
		};
/* End PBXShellScriptBuildPhase section */

/* Begin PBXSourcesBuildPhase section */
		99D1BFC42243BA6F002CD9AE /* Sources */ = {
			isa = PBXSourcesBuildPhase;
			buildActionMask = 2147483647;
			files = (
				99D1BFCE2243BA6F002CD9AE /* ViewController.swift in Sources */,
				99D1BFCC2243BA6F002CD9AE /* AppDelegate.swift in Sources */,
			);
			runOnlyForDeploymentPostprocessing = 0;
		};
		99D1BFD82243BA72002CD9AE /* Sources */ = {
			isa = PBXSourcesBuildPhase;
			buildActionMask = 2147483647;
			files = (
				99D1BFE12243BA72002CD9AE /* Currency_ExchangeTests.swift in Sources */,
			);
			runOnlyForDeploymentPostprocessing = 0;
		};
		99D1BFE32243BA72002CD9AE /* Sources */ = {
			isa = PBXSourcesBuildPhase;
			buildActionMask = 2147483647;
			files = (
				99D1BFEC2243BA72002CD9AE /* Currency_ExchangeUITests.swift in Sources */,
			);
			runOnlyForDeploymentPostprocessing = 0;
		};
/* End PBXSourcesBuildPhase section */

/* Begin PBXTargetDependency section */
		99D1BFDE2243BA72002CD9AE /* PBXTargetDependency */ = {
			isa = PBXTargetDependency;
			target = 99D1BFC72243BA6F002CD9AE /* Currency Exchange */;
			targetProxy = 99D1BFDD2243BA72002CD9AE /* PBXContainerItemProxy */;
		};
		99D1BFE92243BA72002CD9AE /* PBXTargetDependency */ = {
			isa = PBXTargetDependency;
			target = 99D1BFC72243BA6F002CD9AE /* Currency Exchange */;
			targetProxy = 99D1BFE82243BA72002CD9AE /* PBXContainerItemProxy */;
		};
/* End PBXTargetDependency section */

/* Begin PBXVariantGroup section */
		99D1BFCF2243BA6F002CD9AE /* Main.storyboard */ = {
			isa = PBXVariantGroup;
			children = (
				99D1BFD02243BA6F002CD9AE /* Base */,
			);
			name = Main.storyboard;
			sourceTree = "<group>";
		};
		99D1BFD42243BA72002CD9AE /* LaunchScreen.storyboard */ = {
			isa = PBXVariantGroup;
			children = (
				99D1BFD52243BA72002CD9AE /* Base */,
			);
			name = LaunchScreen.storyboard;
			sourceTree = "<group>";
		};
/* End PBXVariantGroup section */

/* Begin XCBuildConfiguration section */
		99D1BFEE2243BA72002CD9AE /* Debug */ = {
			isa = XCBuildConfiguration;
			buildSettings = {
				ALWAYS_SEARCH_USER_PATHS = NO;
				CLANG_ANALYZER_NONNULL = YES;
				CLANG_ANALYZER_NUMBER_OBJECT_CONVERSION = YES_AGGRESSIVE;
				CLANG_CXX_LANGUAGE_STANDARD = "gnu++14";
				CLANG_CXX_LIBRARY = "libc++";
				CLANG_ENABLE_MODULES = YES;
				CLANG_ENABLE_OBJC_ARC = YES;
				CLANG_ENABLE_OBJC_WEAK = YES;
				CLANG_WARN_BLOCK_CAPTURE_AUTORELEASING = YES;
				CLANG_WARN_BOOL_CONVERSION = YES;
				CLANG_WARN_COMMA = YES;
				CLANG_WARN_CONSTANT_CONVERSION = YES;
				CLANG_WARN_DEPRECATED_OBJC_IMPLEMENTATIONS = YES;
				CLANG_WARN_DIRECT_OBJC_ISA_USAGE = YES_ERROR;
				CLANG_WARN_DOCUMENTATION_COMMENTS = YES;
				CLANG_WARN_EMPTY_BODY = YES;
				CLANG_WARN_ENUM_CONVERSION = YES;
				CLANG_WARN_INFINITE_RECURSION = YES;
				CLANG_WARN_INT_CONVERSION = YES;
				CLANG_WARN_NON_LITERAL_NULL_CONVERSION = YES;
				CLANG_WARN_OBJC_IMPLICIT_RETAIN_SELF = YES;
				CLANG_WARN_OBJC_LITERAL_CONVERSION = YES;
				CLANG_WARN_OBJC_ROOT_CLASS = YES_ERROR;
				CLANG_WARN_RANGE_LOOP_ANALYSIS = YES;
				CLANG_WARN_STRICT_PROTOTYPES = YES;
				CLANG_WARN_SUSPICIOUS_MOVE = YES;
				CLANG_WARN_UNGUARDED_AVAILABILITY = YES_AGGRESSIVE;
				CLANG_WARN_UNREACHABLE_CODE = YES;
				CLANG_WARN__DUPLICATE_METHOD_MATCH = YES;
				CODE_SIGN_IDENTITY = "iPhone Developer";
				COPY_PHASE_STRIP = NO;
				DEBUG_INFORMATION_FORMAT = dwarf;
				ENABLE_STRICT_OBJC_MSGSEND = YES;
				ENABLE_TESTABILITY = YES;
				GCC_C_LANGUAGE_STANDARD = gnu11;
				GCC_DYNAMIC_NO_PIC = NO;
				GCC_NO_COMMON_BLOCKS = YES;
				GCC_OPTIMIZATION_LEVEL = 0;
				GCC_PREPROCESSOR_DEFINITIONS = (
					"DEBUG=1",
					"$(inherited)",
				);
				GCC_WARN_64_TO_32_BIT_CONVERSION = YES;
				GCC_WARN_ABOUT_RETURN_TYPE = YES_ERROR;
				GCC_WARN_UNDECLARED_SELECTOR = YES;
				GCC_WARN_UNINITIALIZED_AUTOS = YES_AGGRESSIVE;
				GCC_WARN_UNUSED_FUNCTION = YES;
				GCC_WARN_UNUSED_VARIABLE = YES;
				IPHONEOS_DEPLOYMENT_TARGET = 11.0;
				MTL_ENABLE_DEBUG_INFO = INCLUDE_SOURCE;
				MTL_FAST_MATH = YES;
				ONLY_ACTIVE_ARCH = YES;
				SDKROOT = iphoneos;
				SWIFT_ACTIVE_COMPILATION_CONDITIONS = DEBUG;
				SWIFT_OPTIMIZATION_LEVEL = "-Onone";
			};
			name = Debug;
		};
		99D1BFEF2243BA72002CD9AE /* Release */ = {
			isa = XCBuildConfiguration;
			buildSettings = {
				ALWAYS_SEARCH_USER_PATHS = NO;
				CLANG_ANALYZER_NONNULL = YES;
				CLANG_ANALYZER_NUMBER_OBJECT_CONVERSION = YES_AGGRESSIVE;
				CLANG_CXX_LANGUAGE_STANDARD = "gnu++14";
				CLANG_CXX_LIBRARY = "libc++";
				CLANG_ENABLE_MODULES = YES;
				CLANG_ENABLE_OBJC_ARC = YES;
				CLANG_ENABLE_OBJC_WEAK = YES;
				CLANG_WARN_BLOCK_CAPTURE_AUTORELEASING = YES;
				CLANG_WARN_BOOL_CONVERSION = YES;
				CLANG_WARN_COMMA = YES;
				CLANG_WARN_CONSTANT_CONVERSION = YES;
				CLANG_WARN_DEPRECATED_OBJC_IMPLEMENTATIONS = YES;
				CLANG_WARN_DIRECT_OBJC_ISA_USAGE = YES_ERROR;
				CLANG_WARN_DOCUMENTATION_COMMENTS = YES;
				CLANG_WARN_EMPTY_BODY = YES;
				CLANG_WARN_ENUM_CONVERSION = YES;
				CLANG_WARN_INFINITE_RECURSION = YES;
				CLANG_WARN_INT_CONVERSION = YES;
				CLANG_WARN_NON_LITERAL_NULL_CONVERSION = YES;
				CLANG_WARN_OBJC_IMPLICIT_RETAIN_SELF = YES;
				CLANG_WARN_OBJC_LITERAL_CONVERSION = YES;
				CLANG_WARN_OBJC_ROOT_CLASS = YES_ERROR;
				CLANG_WARN_RANGE_LOOP_ANALYSIS = YES;
				CLANG_WARN_STRICT_PROTOTYPES = YES;
				CLANG_WARN_SUSPICIOUS_MOVE = YES;
				CLANG_WARN_UNGUARDED_AVAILABILITY = YES_AGGRESSIVE;
				CLANG_WARN_UNREACHABLE_CODE = YES;
				CLANG_WARN__DUPLICATE_METHOD_MATCH = YES;
				CODE_SIGN_IDENTITY = "iPhone Developer";
				COPY_PHASE_STRIP = NO;
				DEBUG_INFORMATION_FORMAT = "dwarf-with-dsym";
				ENABLE_NS_ASSERTIONS = NO;
				ENABLE_STRICT_OBJC_MSGSEND = YES;
				GCC_C_LANGUAGE_STANDARD = gnu11;
				GCC_NO_COMMON_BLOCKS = YES;
				GCC_WARN_64_TO_32_BIT_CONVERSION = YES;
				GCC_WARN_ABOUT_RETURN_TYPE = YES_ERROR;
				GCC_WARN_UNDECLARED_SELECTOR = YES;
				GCC_WARN_UNINITIALIZED_AUTOS = YES_AGGRESSIVE;
				GCC_WARN_UNUSED_FUNCTION = YES;
				GCC_WARN_UNUSED_VARIABLE = YES;
				IPHONEOS_DEPLOYMENT_TARGET = 11.0;
				MTL_ENABLE_DEBUG_INFO = NO;
				MTL_FAST_MATH = YES;
				SDKROOT = iphoneos;
				SWIFT_COMPILATION_MODE = wholemodule;
				SWIFT_OPTIMIZATION_LEVEL = "-O";
				VALIDATE_PRODUCT = YES;
			};
			name = Release;
		};
		99D1BFF12243BA72002CD9AE /* Debug */ = {
			isa = XCBuildConfiguration;
			baseConfigurationReference = 7B938EA387FCEABD2C4DAF91 /* Pods-Currency Exchange.debug.xcconfig */;
			buildSettings = {
				ASSETCATALOG_COMPILER_APPICON_NAME = AppIcon;
				CODE_SIGN_STYLE = Automatic;
				DEVELOPMENT_TEAM = 333AB33F4Z;
				INFOPLIST_FILE = "Currency Exchange/Info.plist";
				LD_RUNPATH_SEARCH_PATHS = (
					"$(inherited)",
					"@executable_path/Frameworks",
				);
				PRODUCT_BUNDLE_IDENTIFIER = toshihiro.yamazaki.currency.exchange;
				PRODUCT_NAME = "$(TARGET_NAME)";
				SWIFT_VERSION = 4.2;
				TARGETED_DEVICE_FAMILY = "1,2";
			};
			name = Debug;
		};
		99D1BFF22243BA72002CD9AE /* Release */ = {
			isa = XCBuildConfiguration;
			baseConfigurationReference = 9B2F7A114F840BE643A51E0C /* Pods-Currency Exchange.release.xcconfig */;
			buildSettings = {
				ASSETCATALOG_COMPILER_APPICON_NAME = AppIcon;
				CODE_SIGN_STYLE = Automatic;
				DEVELOPMENT_TEAM = 333AB33F4Z;
				INFOPLIST_FILE = "Currency Exchange/Info.plist";
				LD_RUNPATH_SEARCH_PATHS = (
					"$(inherited)",
					"@executable_path/Frameworks",
				);
				PRODUCT_BUNDLE_IDENTIFIER = toshihiro.yamazaki.currency.exchange;
				PRODUCT_NAME = "$(TARGET_NAME)";
				SWIFT_VERSION = 4.2;
				TARGETED_DEVICE_FAMILY = "1,2";
			};
			name = Release;
		};
		99D1BFF42243BA72002CD9AE /* Debug */ = {
			isa = XCBuildConfiguration;
			baseConfigurationReference = 97961F670FD8C8E3B1C6EC49 /* Pods-Currency ExchangeTests.debug.xcconfig */;
			buildSettings = {
				ALWAYS_EMBED_SWIFT_STANDARD_LIBRARIES = YES;
				BUNDLE_LOADER = "$(TEST_HOST)";
				CODE_SIGN_STYLE = Automatic;
				DEVELOPMENT_TEAM = 333AB33F4Z;
				INFOPLIST_FILE = "Currency ExchangeTests/Info.plist";
				LD_RUNPATH_SEARCH_PATHS = (
					"$(inherited)",
					"@executable_path/Frameworks",
					"@loader_path/Frameworks",
				);
				PRODUCT_BUNDLE_IDENTIFIER = "com.Currency-ExchangeTests";
				PRODUCT_NAME = "$(TARGET_NAME)";
				SWIFT_VERSION = 4.2;
				TARGETED_DEVICE_FAMILY = "1,2";
				TEST_HOST = "$(BUILT_PRODUCTS_DIR)/Currency Exchange.app/Currency Exchange";
			};
			name = Debug;
		};
		99D1BFF52243BA72002CD9AE /* Release */ = {
			isa = XCBuildConfiguration;
			baseConfigurationReference = F2109159339ECE1D87BBB031 /* Pods-Currency ExchangeTests.release.xcconfig */;
			buildSettings = {
				ALWAYS_EMBED_SWIFT_STANDARD_LIBRARIES = YES;
				BUNDLE_LOADER = "$(TEST_HOST)";
				CODE_SIGN_STYLE = Automatic;
				DEVELOPMENT_TEAM = 333AB33F4Z;
				INFOPLIST_FILE = "Currency ExchangeTests/Info.plist";
				LD_RUNPATH_SEARCH_PATHS = (
					"$(inherited)",
					"@executable_path/Frameworks",
					"@loader_path/Frameworks",
				);
				PRODUCT_BUNDLE_IDENTIFIER = "com.Currency-ExchangeTests";
				PRODUCT_NAME = "$(TARGET_NAME)";
				SWIFT_VERSION = 4.2;
				TARGETED_DEVICE_FAMILY = "1,2";
				TEST_HOST = "$(BUILT_PRODUCTS_DIR)/Currency Exchange.app/Currency Exchange";
			};
			name = Release;
		};
		99D1BFF72243BA72002CD9AE /* Debug */ = {
			isa = XCBuildConfiguration;
			baseConfigurationReference = 9B4D5DD69C87C879F677A41D /* Pods-Currency ExchangeUITests.debug.xcconfig */;
			buildSettings = {
				ALWAYS_EMBED_SWIFT_STANDARD_LIBRARIES = YES;
				CODE_SIGN_STYLE = Automatic;
				DEVELOPMENT_TEAM = 333AB33F4Z;
				INFOPLIST_FILE = "Currency ExchangeUITests/Info.plist";
				LD_RUNPATH_SEARCH_PATHS = (
					"$(inherited)",
					"@executable_path/Frameworks",
					"@loader_path/Frameworks",
				);
				PRODUCT_BUNDLE_IDENTIFIER = "com.Currency-ExchangeUITests";
				PRODUCT_NAME = "$(TARGET_NAME)";
				SWIFT_VERSION = 4.2;
				TARGETED_DEVICE_FAMILY = "1,2";
				TEST_TARGET_NAME = "Currency Exchange";
			};
			name = Debug;
		};
		99D1BFF82243BA72002CD9AE /* Release */ = {
			isa = XCBuildConfiguration;
			baseConfigurationReference = 219B3BFC59A4775E04BBF30F /* Pods-Currency ExchangeUITests.release.xcconfig */;
			buildSettings = {
				ALWAYS_EMBED_SWIFT_STANDARD_LIBRARIES = YES;
				CODE_SIGN_STYLE = Automatic;
				DEVELOPMENT_TEAM = 333AB33F4Z;
				INFOPLIST_FILE = "Currency ExchangeUITests/Info.plist";
				LD_RUNPATH_SEARCH_PATHS = (
					"$(inherited)",
					"@executable_path/Frameworks",
					"@loader_path/Frameworks",
				);
				PRODUCT_BUNDLE_IDENTIFIER = "com.Currency-ExchangeUITests";
				PRODUCT_NAME = "$(TARGET_NAME)";
				SWIFT_VERSION = 4.2;
				TARGETED_DEVICE_FAMILY = "1,2";
				TEST_TARGET_NAME = "Currency Exchange";
			};
			name = Release;
		};
/* End XCBuildConfiguration section */

/* Begin XCConfigurationList section */
		99D1BFC32243BA6F002CD9AE /* Build configuration list for PBXProject "Currency Exchange" */ = {
			isa = XCConfigurationList;
			buildConfigurations = (
				99D1BFEE2243BA72002CD9AE /* Debug */,
				99D1BFEF2243BA72002CD9AE /* Release */,
			);
			defaultConfigurationIsVisible = 0;
			defaultConfigurationName = Release;
		};
		99D1BFF02243BA72002CD9AE /* Build configuration list for PBXNativeTarget "Currency Exchange" */ = {
			isa = XCConfigurationList;
			buildConfigurations = (
				99D1BFF12243BA72002CD9AE /* Debug */,
				99D1BFF22243BA72002CD9AE /* Release */,
			);
			defaultConfigurationIsVisible = 0;
			defaultConfigurationName = Release;
		};
		99D1BFF32243BA72002CD9AE /* Build configuration list for PBXNativeTarget "Currency ExchangeTests" */ = {
			isa = XCConfigurationList;
			buildConfigurations = (
				99D1BFF42243BA72002CD9AE /* Debug */,
				99D1BFF52243BA72002CD9AE /* Release */,
			);
			defaultConfigurationIsVisible = 0;
			defaultConfigurationName = Release;
		};
		99D1BFF62243BA72002CD9AE /* Build configuration list for PBXNativeTarget "Currency ExchangeUITests" */ = {
			isa = XCConfigurationList;
			buildConfigurations = (
				99D1BFF72243BA72002CD9AE /* Debug */,
				99D1BFF82243BA72002CD9AE /* Release */,
			);
			defaultConfigurationIsVisible = 0;
			defaultConfigurationName = Release;
		};
/* End XCConfigurationList section */
	};
	rootObject = 99D1BFC02243BA6F002CD9AE /* Project object */;
}
